// !$*UTF8*$!
{
	archiveVersion = 1;
	classes = {
	};
	objectVersion = 50;
	objects = {

/* Begin PBXBuildFile section */
		CD0AF07721B8D7D0009D3DD7 /* AppDelegate.swift in Sources */ = {isa = PBXBuildFile; fileRef = CD0AF07621B8D7D0009D3DD7 /* AppDelegate.swift */; };
		CD0AF07921B8D7D0009D3DD7 /* ViewController.swift in Sources */ = {isa = PBXBuildFile; fileRef = CD0AF07821B8D7D0009D3DD7 /* ViewController.swift */; };
		CD0AF07C21B8D7D0009D3DD7 /* Main.storyboard in Resources */ = {isa = PBXBuildFile; fileRef = CD0AF07A21B8D7D0009D3DD7 /* Main.storyboard */; };
		CD0AF07E21B8D7D3009D3DD7 /* Assets.xcassets in Resources */ = {isa = PBXBuildFile; fileRef = CD0AF07D21B8D7D3009D3DD7 /* Assets.xcassets */; };
		CD0AF08121B8D7D3009D3DD7 /* LaunchScreen.storyboard in Resources */ = {isa = PBXBuildFile; fileRef = CD0AF07F21B8D7D3009D3DD7 /* LaunchScreen.storyboard */; };
/* End PBXBuildFile section */

/* Begin PBXFileReference section */
		CD0AF07321B8D7D0009D3DD7 /* map2018_12_06.app */ = {isa = PBXFileReference; explicitFileType = wrapper.application; includeInIndex = 0; path = map2018_12_06.app; sourceTree = BUILT_PRODUCTS_DIR; };
		CD0AF07621B8D7D0009D3DD7 /* AppDelegate.swift */ = {isa = PBXFileReference; lastKnownFileType = sourcecode.swift; path = AppDelegate.swift; sourceTree = "<group>"; };
		CD0AF07821B8D7D0009D3DD7 /* ViewController.swift */ = {isa = PBXFileReference; lastKnownFileType = sourcecode.swift; path = ViewController.swift; sourceTree = "<group>"; };
		CD0AF07B21B8D7D0009D3DD7 /* Base */ = {isa = PBXFileReference; lastKnownFileType = file.storyboard; name = Base; path = Base.lproj/Main.storyboard; sourceTree = "<group>"; };
		CD0AF07D21B8D7D3009D3DD7 /* Assets.xcassets */ = {isa = PBXFileReference; lastKnownFileType = folder.assetcatalog; path = Assets.xcassets; sourceTree = "<group>"; };
		CD0AF08021B8D7D3009D3DD7 /* Base */ = {isa = PBXFileReference; lastKnownFileType = file.storyboard; name = Base; path = Base.lproj/LaunchScreen.storyboard; sourceTree = "<group>"; };
		CD0AF08221B8D7D3009D3DD7 /* Info.plist */ = {isa = PBXFileReference; lastKnownFileType = text.plist.xml; path = Info.plist; sourceTree = "<group>"; };
		CD0AF08821BA4D46009D3DD7 /* ja */ = {isa = PBXFileReference; lastKnownFileType = text.plist.strings; name = ja; path = ja.lproj/Main.strings; sourceTree = "<group>"; };
		CD0AF08921BA4D47009D3DD7 /* ja */ = {isa = PBXFileReference; lastKnownFileType = text.plist.strings; name = ja; path = ja.lproj/LaunchScreen.strings; sourceTree = "<group>"; };
/* End PBXFileReference section */

/* Begin PBXFrameworksBuildPhase section */
		CD0AF07021B8D7D0009D3DD7 /* Frameworks */ = {
			isa = PBXFrameworksBuildPhase;
			buildActionMask = 2147483647;
			files = (
			);
			runOnlyForDeploymentPostprocessing = 0;
		};
/* End PBXFrameworksBuildPhase section */

/* Begin PBXGroup section */
		CD0AF06A21B8D7D0009D3DD7 = {
			isa = PBXGroup;
			children = (
				CD0AF07521B8D7D0009D3DD7 /* map2018_12_06 */,
				CD0AF07421B8D7D0009D3DD7 /* Products */,
			);
			sourceTree = "<group>";
		};
		CD0AF07421B8D7D0009D3DD7 /* Products */ = {
			isa = PBXGroup;
			children = (
				CD0AF07321B8D7D0009D3DD7 /* map2018_12_06.app */,
			);
			name = Products;
			sourceTree = "<group>";
		};
		CD0AF07521B8D7D0009D3DD7 /* map2018_12_06 */ = {
			isa = PBXGroup;
			children = (
				CD0AF07621B8D7D0009D3DD7 /* AppDelegate.swift */,
				CD0AF07821B8D7D0009D3DD7 /* ViewController.swift */,
				CD0AF07A21B8D7D0009D3DD7 /* Main.storyboard */,
				CD0AF07D21B8D7D3009D3DD7 /* Assets.xcassets */,
				CD0AF07F21B8D7D3009D3DD7 /* LaunchScreen.storyboard */,
				CD0AF08221B8D7D3009D3DD7 /* Info.plist */,
			);
			path = map2018_12_06;
			sourceTree = "<group>";
		};
/* End PBXGroup section */

/* Begin PBXNativeTarget section */
		CD0AF07221B8D7D0009D3DD7 /* map2018_12_06 */ = {
			isa = PBXNativeTarget;
			buildConfigurationList = CD0AF08521B8D7D3009D3DD7 /* Build configuration list for PBXNativeTarget "map2018_12_06" */;
			buildPhases = (
				CD0AF06F21B8D7D0009D3DD7 /* Sources */,
				CD0AF07021B8D7D0009D3DD7 /* Frameworks */,
				CD0AF07121B8D7D0009D3DD7 /* Resources */,
			);
			buildRules = (
			);
			dependencies = (
			);
			name = map2018_12_06;
			productName = map2018_12_06;
			productReference = CD0AF07321B8D7D0009D3DD7 /* map2018_12_06.app */;
			productType = "com.apple.product-type.application";
		};
/* End PBXNativeTarget section */

/* Begin PBXProject section */
		CD0AF06B21B8D7D0009D3DD7 /* Project object */ = {
			isa = PBXProject;
			attributes = {
				LastSwiftUpdateCheck = 1010;
				LastUpgradeCheck = 1010;
				ORGANIZATIONNAME = "岩男高史";
				TargetAttributes = {
					CD0AF07221B8D7D0009D3DD7 = {
						CreatedOnToolsVersion = 10.1;
					};
				};
			};
			buildConfigurationList = CD0AF06E21B8D7D0009D3DD7 /* Build configuration list for PBXProject "map2018_12_06" */;
			compatibilityVersion = "Xcode 9.3";
			developmentRegion = en;
			hasScannedForEncodings = 0;
			knownRegions = (
				en,
				Base,
			);
			mainGroup = CD0AF06A21B8D7D0009D3DD7;
			productRefGroup = CD0AF07421B8D7D0009D3DD7 /* Products */;
			projectDirPath = "";
			projectRoot = "";
			targets = (
				CD0AF07221B8D7D0009D3DD7 /* map2018_12_06 */,
			);
		};
/* End PBXProject section */

/* Begin PBXResourcesBuildPhase section */
		CD0AF07121B8D7D0009D3DD7 /* Resources */ = {
			isa = PBXResourcesBuildPhase;
			buildActionMask = 2147483647;
			files = (
				CD0AF08121B8D7D3009D3DD7 /* LaunchScreen.storyboard in Resources */,
				CD0AF07E21B8D7D3009D3DD7 /* Assets.xcassets in Resources */,
				CD0AF07C21B8D7D0009D3DD7 /* Main.storyboard in Resources */,
			);
			runOnlyForDeploymentPostprocessing = 0;
		};
/* End PBXResourcesBuildPhase section */

/* Begin PBXSourcesBuildPhase section */
		CD0AF06F21B8D7D0009D3DD7 /* Sources */ = {
			isa = PBXSourcesBuildPhase;
			buildActionMask = 2147483647;
			files = (
				CD0AF07921B8D7D0009D3DD7 /* ViewController.swift in Sources */,
				CD0AF07721B8D7D0009D3DD7 /* AppDelegate.swift in Sources */,
			);
			runOnlyForDeploymentPostprocessing = 0;
		};
/* End PBXSourcesBuildPhase section */

/* Begin PBXVariantGroup section */
		CD0AF07A21B8D7D0009D3DD7 /* Main.storyboard */ = {
			isa = PBXVariantGroup;
			children = (
				CD0AF07B21B8D7D0009D3DD7 /* Base */,
				CD0AF08821BA4D46009D3DD7 /* ja */,
			);
			name = Main.storyboard;
			sourceTree = "<group>";
		};
		CD0AF07F21B8D7D3009D3DD7 /* LaunchScreen.storyboard */ = {
			isa = PBXVariantGroup;
			children = (
				CD0AF08021B8D7D3009D3DD7 /* Base */,
				CD0AF08921BA4D47009D3DD7 /* ja */,
			);
			name = LaunchScreen.storyboard;
			sourceTree = "<group>";
		};
/* End PBXVariantGroup section */

/* Begin XCBuildConfiguration section */
		CD0AF08321B8D7D3009D3DD7 /* Debug */ = {
			isa = XCBuildConfiguration;
			buildSettings = {
				ALWAYS_SEARCH_USER_PATHS = NO;
				CLANG_ANALYZER_LOCALIZABILITY_NONLOCALIZED = YES;
				CLANG_ANALYZER_NONNULL = YES;
				CLANG_ANALYZER_NUMBER_OBJECT_CONVERSION = YES_AGGRESSIVE;
				CLANG_CXX_LANGUAGE_STANDARD = "gnu++14";
				CLANG_CXX_LIBRARY = "libc++";
				CLANG_ENABLE_MODULES = YES;
				CLANG_ENABLE_OBJC_ARC = YES;
				CLANG_ENABLE_OBJC_WEAK = YES;
				CLANG_WARN_BLOCK_CAPTURE_AUTORELEASING = YES;
				CLANG_WARN_BOOL_CONVERSION = YES;
				CLANG_WARN_COMMA = YES;
				CLANG_WARN_CONSTANT_CONVERSION = YES;
				CLANG_WARN_DEPRECATED_OBJC_IMPLEMENTATIONS = YES;
				CLANG_WARN_DIRECT_OBJC_ISA_USAGE = YES_ERROR;
				CLANG_WARN_DOCUMENTATION_COMMENTS = YES;
				CLANG_WARN_EMPTY_BODY = YES;
				CLANG_WARN_ENUM_CONVERSION = YES;
				CLANG_WARN_INFINITE_RECURSION = YES;
				CLANG_WARN_INT_CONVERSION = YES;
				CLANG_WARN_NON_LITERAL_NULL_CONVERSION = YES;
				CLANG_WARN_OBJC_IMPLICIT_RETAIN_SELF = YES;
				CLANG_WARN_OBJC_LITERAL_CONVERSION = YES;
				CLANG_WARN_OBJC_ROOT_CLASS = YES_ERROR;
				CLANG_WARN_RANGE_LOOP_ANALYSIS = YES;
				CLANG_WARN_STRICT_PROTOTYPES = YES;
				CLANG_WARN_SUSPICIOUS_MOVE = YES;
				CLANG_WARN_UNGUARDED_AVAILABILITY = YES_AGGRESSIVE;
				CLANG_WARN_UNREACHABLE_CODE = YES;
				CLANG_WARN__DUPLICATE_METHOD_MATCH = YES;
				CODE_SIGN_IDENTITY = "iPhone Developer";
				COPY_PHASE_STRIP = NO;
				DEBUG_INFORMATION_FORMAT = dwarf;
				ENABLE_STRICT_OBJC_MSGSEND = YES;
				ENABLE_TESTABILITY = YES;
				GCC_C_LANGUAGE_STANDARD = gnu11;
				GCC_DYNAMIC_NO_PIC = NO;
				GCC_NO_COMMON_BLOCKS = YES;
				GCC_OPTIMIZATION_LEVEL = 0;
				GCC_PREPROCESSOR_DEFINITIONS = (
					"DEBUG=1",
					"$(inherited)",
				);
				GCC_WARN_64_TO_32_BIT_CONVERSION = YES;
				GCC_WARN_ABOUT_RETURN_TYPE = YES_ERROR;
				GCC_WARN_UNDECLARED_SELECTOR = YES;
				GCC_WARN_UNINITIALIZED_AUTOS = YES_AGGRESSIVE;
				GCC_WARN_UNUSED_FUNCTION = YES;
				GCC_WARN_UNUSED_VARIABLE = YES;
				IPHONEOS_DEPLOYMENT_TARGET = 12.1;
				MTL_ENABLE_DEBUG_INFO = INCLUDE_SOURCE;
				MTL_FAST_MATH = YES;
				ONLY_ACTIVE_ARCH = YES;
				SDKROOT = iphoneos;
				SWIFT_ACTIVE_COMPILATION_CONDITIONS = DEBUG;
				SWIFT_OPTIMIZATION_LEVEL = "-Onone";
			};
			name = Debug;
		};
		CD0AF08421B8D7D3009D3DD7 /* Release */ = {
			isa = XCBuildConfiguration;
			buildSettings = {
				ALWAYS_SEARCH_USER_PATHS = NO;
				CLANG_ANALYZER_LOCALIZABILITY_NONLOCALIZED = YES;
				CLANG_ANALYZER_NONNULL = YES;
				CLANG_ANALYZER_NUMBER_OBJECT_CONVERSION = YES_AGGRESSIVE;
				CLANG_CXX_LANGUAGE_STANDARD = "gnu++14";
				CLANG_CXX_LIBRARY = "libc++";
				CLANG_ENABLE_MODULES = YES;
				CLANG_ENABLE_OBJC_ARC = YES;
				CLANG_ENABLE_OBJC_WEAK = YES;
				CLANG_WARN_BLOCK_CAPTURE_AUTORELEASING = YES;
				CLANG_WARN_BOOL_CONVERSION = YES;
				CLANG_WARN_COMMA = YES;
				CLANG_WARN_CONSTANT_CONVERSION = YES;
				CLANG_WARN_DEPRECATED_OBJC_IMPLEMENTATIONS = YES;
				CLANG_WARN_DIRECT_OBJC_ISA_USAGE = YES_ERROR;
				CLANG_WARN_DOCUMENTATION_COMMENTS = YES;
				CLANG_WARN_EMPTY_BODY = YES;
				CLANG_WARN_ENUM_CONVERSION = YES;
				CLANG_WARN_INFINITE_RECURSION = YES;
				CLANG_WARN_INT_CONVERSION = YES;
				CLANG_WARN_NON_LITERAL_NULL_CONVERSION = YES;
				CLANG_WARN_OBJC_IMPLICIT_RETAIN_SELF = YES;
				CLANG_WARN_OBJC_LITERAL_CONVERSION = YES;
				CLANG_WARN_OBJC_ROOT_CLASS = YES_ERROR;
				CLANG_WARN_RANGE_LOOP_ANALYSIS = YES;
				CLANG_WARN_STRICT_PROTOTYPES = YES;
				CLANG_WARN_SUSPICIOUS_MOVE = YES;
				CLANG_WARN_UNGUARDED_AVAILABILITY = YES_AGGRESSIVE;
				CLANG_WARN_UNREACHABLE_CODE = YES;
				CLANG_WARN__DUPLICATE_METHOD_MATCH = YES;
				CODE_SIGN_IDENTITY = "iPhone Developer";
				COPY_PHASE_STRIP = NO;
				DEBUG_INFORMATION_FORMAT = "dwarf-with-dsym";
				ENABLE_NS_ASSERTIONS = NO;
				ENABLE_STRICT_OBJC_MSGSEND = YES;
				GCC_C_LANGUAGE_STANDARD = gnu11;
				GCC_NO_COMMON_BLOCKS = YES;
				GCC_WARN_64_TO_32_BIT_CONVERSION = YES;
				GCC_WARN_ABOUT_RETURN_TYPE = YES_ERROR;
				GCC_WARN_UNDECLARED_SELECTOR = YES;
				GCC_WARN_UNINITIALIZED_AUTOS = YES_AGGRESSIVE;
				GCC_WARN_UNUSED_FUNCTION = YES;
				GCC_WARN_UNUSED_VARIABLE = YES;
				IPHONEOS_DEPLOYMENT_TARGET = 12.1;
				MTL_ENABLE_DEBUG_INFO = NO;
				MTL_FAST_MATH = YES;
				SDKROOT = iphoneos;
				SWIFT_COMPILATION_MODE = wholemodule;
				SWIFT_OPTIMIZATION_LEVEL = "-O";
				VALIDATE_PRODUCT = YES;
			};
			name = Release;
		};
		CD0AF08621B8D7D3009D3DD7 /* Debug */ = {
			isa = XCBuildConfiguration;
			buildSettings = {
				ASSETCATALOG_COMPILER_APPICON_NAME = AppIcon;
				CODE_SIGN_STYLE = Automatic;
				INFOPLIST_FILE = map2018_12_06/Info.plist;
				LD_RUNPATH_SEARCH_PATHS = (
					"$(inherited)",
					"@executable_path/Frameworks",
				);
				PRODUCT_BUNDLE_IDENTIFIER = "ios.map2018-12-06";
				PRODUCT_NAME = "$(TARGET_NAME)";
				SWIFT_VERSION = 4.2;
				TARGETED_DEVICE_FAMILY = "1,2";
			};
			name = Debug;
		};
		CD0AF08721B8D7D3009D3DD7 /* Release */ = {
			isa = XCBuildConfiguration;
			buildSettings = {
				ASSETCATALOG_COMPILER_APPICON_NAME = AppIcon;
				CODE_SIGN_STYLE = Automatic;
				INFOPLIST_FILE = map2018_12_06/Info.plist;
				LD_RUNPATH_SEARCH_PATHS = (
					"$(inherited)",
					"@executable_path/Frameworks",
				);
				PRODUCT_BUNDLE_IDENTIFIER = "ios.map2018-12-06";
				PRODUCT_NAME = "$(TARGET_NAME)";
				SWIFT_VERSION = 4.2;
				TARGETED_DEVICE_FAMILY = "1,2";
			};
			name = Release;
		};
/* End XCBuildConfiguration section */

/* Begin XCConfigurationList section */
		CD0AF06E21B8D7D0009D3DD7 /* Build configuration list for PBXProject "map2018_12_06" */ = {
			isa = XCConfigurationList;
			buildConfigurations = (
				CD0AF08321B8D7D3009D3DD7 /* Debug */,
				CD0AF08421B8D7D3009D3DD7 /* Release */,
			);
			defaultConfigurationIsVisible = 0;
			defaultConfigurationName = Release;
		};
		CD0AF08521B8D7D3009D3DD7 /* Build configuration list for PBXNativeTarget "map2018_12_06" */ = {
			isa = XCConfigurationList;
			buildConfigurations = (
				CD0AF08621B8D7D3009D3DD7 /* Debug */,
				CD0AF08721B8D7D3009D3DD7 /* Release */,
			);
			defaultConfigurationIsVisible = 0;
			defaultConfigurationName = Release;
		};
/* End XCConfigurationList section */
	};
	rootObject = CD0AF06B21B8D7D0009D3DD7 /* Project object */;
}
